
Microsoft Visual Studio Solution File, Format Version 12.00
# Visual Studio Version 17
VisualStudioVersion = 17.11.35219.272
MinimumVisualStudioVersion = 10.0.40219.1
Project("{FAE04EC0-301F-11D3-BF4B-00C04F79EFBC}") = "fproject", "fproject\fproject.csproj", "{05915632-BD35-4B56-AF16-30D57F794152}"
EndProject
Global
	GlobalSection(SolutionConfigurationPlatforms) = preSolution
		Debug|Any CPU = Debug|Any CPU
		Release|Any CPU = Release|Any CPU
	EndGlobalSection
	GlobalSection(ProjectConfigurationPlatforms) = postSolution
		{05915632-BD35-4B56-AF16-30D57F794152}.Debug|Any CPU.ActiveCfg = Debug|Any CPU
		{05915632-BD35-4B56-AF16-30D57F794152}.Debug|Any CPU.Build.0 = Debug|Any CPU
		{05915632-BD35-4B56-AF16-30D57F794152}.Release|Any CPU.ActiveCfg = Release|Any CPU
		{05915632-BD35-4B56-AF16-30D57F794152}.Release|Any CPU.Build.0 = Release|Any CPU
	EndGlobalSection
	GlobalSection(SolutionProperties) = preSolution
		HideSolutionNode = FALSE
	EndGlobalSection
	GlobalSection(ExtensibilityGlobals) = postSolution
		SolutionGuid = {9EAD366A-99B0-43B5-BB29-CA7AE8D7EBAF}
	EndGlobalSection
EndGlobal
